
Microsoft Visual Studio Solution File, Format Version 12.00
# Visual Studio for Mac
Project("{FAE04EC0-301F-11D3-BF4B-00C04F79EFBC}") = "UnitySwagger", "UnitySwagger.csproj", "{31A67526-26C8-3328-0E03-7523271A2CD1}"
EndProject
Global
	GlobalSection(SolutionConfigurationPlatforms) = preSolution
		Debug|Any CPU = Debug|Any CPU
		Release|Any CPU = Release|Any CPU
	EndGlobalSection
	GlobalSection(ProjectConfigurationPlatforms) = postSolution
		{31A67526-26C8-3328-0E03-7523271A2CD1}.Debug|Any CPU.ActiveCfg = Debug|Any CPU
		{31A67526-26C8-3328-0E03-7523271A2CD1}.Debug|Any CPU.Build.0 = Debug|Any CPU
		{31A67526-26C8-3328-0E03-7523271A2CD1}.Release|Any CPU.ActiveCfg = Release|Any CPU
		{31A67526-26C8-3328-0E03-7523271A2CD1}.Release|Any CPU.Build.0 = Release|Any CPU
	EndGlobalSection
	GlobalSection(SolutionProperties) = preSolution
		HideSolutionNode = FALSE
	EndGlobalSection
EndGlobal
